PODS:
  - Alamofire (5.0.2)
  - AlamofireImage (4.0.2):
    - Alamofire (< 6.0.0, >= 5.0.2)

DEPENDENCIES:
  - Alamofire
  - AlamofireImage

SPEC REPOS:
  https://github.com/CocoaPods/Specs.git:
    - Alamofire
    - AlamofireImage

SPEC CHECKSUMS:
  Alamofire: 3ba7a4db18b4f62c4a1c0e1cb39d7f3d52e10ada
  AlamofireImage: ca7325440303d041a80b7caa55066ba945522378

PODFILE CHECKSUM: a1ea2d0b02a70c243ce5f48283fe45ba6fdeb8be

COCOAPODS: 1.9.0
